
Microsoft Visual Studio Solution File, Format Version 12.00
# Visual Studio Version 16
VisualStudioVersion = 16.0.30523.141
MinimumVisualStudioVersion = 10.0.40219.1
Project("{9A19103F-16F7-4668-BE54-9A1E7A4F7556}") = "Auralsys.Audio.Abstractions", "src\Auralsys.Audio.Abstractions\Auralsys.Audio.Abstractions.csproj", "{F65CC939-F5B3-4999-A791-9ACEFFFAF959}"
EndProject
Project("{FAE04EC0-301F-11D3-BF4B-00C04F79EFBC}") = "Auralsys.Audio.ManagedBass", "src\Auralsys.Audio.ManagedBass\Auralsys.Audio.ManagedBass.csproj", "{0E9D0A6D-85BD-4FD8-8B8D-721CE4031A88}"
EndProject
Project("{2150E333-8FDC-42A3-9474-1A3956D46DE8}") = "Samples", "Samples", "{E96C71FC-E200-4F1D-B819-62B497EEB29E}"
EndProject
Project("{FAE04EC0-301F-11D3-BF4B-00C04F79EFBC}") = "Sample.Recording", "src\samples\Sample.Recording\Sample.Recording.csproj", "{6627ACEC-8B1C-4701-ADF8-43FCEC9BB26F}"
EndProject
Global
	GlobalSection(SolutionConfigurationPlatforms) = preSolution
		Debug|Any CPU = Debug|Any CPU
		Release|Any CPU = Release|Any CPU
	EndGlobalSection
	GlobalSection(ProjectConfigurationPlatforms) = postSolution
		{F65CC939-F5B3-4999-A791-9ACEFFFAF959}.Debug|Any CPU.ActiveCfg = Debug|Any CPU
		{F65CC939-F5B3-4999-A791-9ACEFFFAF959}.Debug|Any CPU.Build.0 = Debug|Any CPU
		{F65CC939-F5B3-4999-A791-9ACEFFFAF959}.Release|Any CPU.ActiveCfg = Release|Any CPU
		{F65CC939-F5B3-4999-A791-9ACEFFFAF959}.Release|Any CPU.Build.0 = Release|Any CPU
		{0E9D0A6D-85BD-4FD8-8B8D-721CE4031A88}.Debug|Any CPU.ActiveCfg = Debug|Any CPU
		{0E9D0A6D-85BD-4FD8-8B8D-721CE4031A88}.Debug|Any CPU.Build.0 = Debug|Any CPU
		{0E9D0A6D-85BD-4FD8-8B8D-721CE4031A88}.Release|Any CPU.ActiveCfg = Release|Any CPU
		{0E9D0A6D-85BD-4FD8-8B8D-721CE4031A88}.Release|Any CPU.Build.0 = Release|Any CPU
		{6627ACEC-8B1C-4701-ADF8-43FCEC9BB26F}.Debug|Any CPU.ActiveCfg = Debug|Any CPU
		{6627ACEC-8B1C-4701-ADF8-43FCEC9BB26F}.Debug|Any CPU.Build.0 = Debug|Any CPU
		{6627ACEC-8B1C-4701-ADF8-43FCEC9BB26F}.Release|Any CPU.ActiveCfg = Release|Any CPU
		{6627ACEC-8B1C-4701-ADF8-43FCEC9BB26F}.Release|Any CPU.Build.0 = Release|Any CPU
	EndGlobalSection
	GlobalSection(SolutionProperties) = preSolution
		HideSolutionNode = FALSE
	EndGlobalSection
	GlobalSection(NestedProjects) = preSolution
		{6627ACEC-8B1C-4701-ADF8-43FCEC9BB26F} = {E96C71FC-E200-4F1D-B819-62B497EEB29E}
	EndGlobalSection
	GlobalSection(ExtensibilityGlobals) = postSolution
		SolutionGuid = {974D9704-042F-4753-B5A1-92245C18719D}
	EndGlobalSection
EndGlobal
