
Microsoft Visual Studio Solution File, Format Version 12.00
# Visual Studio Version 16
VisualStudioVersion = 16.0.30523.141
MinimumVisualStudioVersion = 10.0.40219.1
Project("{2150E333-8FDC-42A3-9474-1A3956D46DE8}") = "Samples", "Samples", "{E96C71FC-E200-4F1D-B819-62B497EEB29E}"
EndProject
Project("{9A19103F-16F7-4668-BE54-9A1E7A4F7556}") = "Sample.Recording", "src\samples\Sample.Recording\Sample.Recording.csproj", "{6627ACEC-8B1C-4701-ADF8-43FCEC9BB26F}"
EndProject
Project("{9A19103F-16F7-4668-BE54-9A1E7A4F7556}") = "Resony", "src\Resony\Resony.csproj", "{7E4CDFE4-E6B7-48A4-AB96-9A616099183B}"
EndProject
Project("{9A19103F-16F7-4668-BE54-9A1E7A4F7556}") = "Resony.Server.Abstractions", "src\Resony.Server.Abstractions\Resony.Server.Abstractions.csproj", "{8480848C-A8DA-4865-9BBE-4AB7CFEC05BF}"
EndProject
Project("{9A19103F-16F7-4668-BE54-9A1E7A4F7556}") = "Resony.Abstractions", "src\Resony.Abstractions\Resony.Abstractions.csproj", "{74C8AB21-80FA-4583-9FEB-D1D78916EA2B}"
EndProject
Project("{9A19103F-16F7-4668-BE54-9A1E7A4F7556}") = "Resony.Server", "src\Resony.Server\Resony.Server.csproj", "{B670FED8-A94F-41A8-A4EA-987B20F3544A}"
EndProject
Project("{9A19103F-16F7-4668-BE54-9A1E7A4F7556}") = "Resony.ManagedBass", "src\Resony.ManagedBass\Resony.ManagedBass.csproj", "{50B59E9E-805D-407F-B503-3F2F4DC7526A}"
EndProject
Project("{2150E333-8FDC-42A3-9474-1A3956D46DE8}") = "Abstractions", "Abstractions", "{21095ECB-4624-46E9-93D3-C30A6B7CFA28}"
EndProject
Project("{9A19103F-16F7-4668-BE54-9A1E7A4F7556}") = "Sample.AudioServer", "src\samples\Sample.AudioServer\Sample.AudioServer.csproj", "{D747D1C5-A341-4AD4-9014-EEA4F7A8B3AF}"
EndProject
Project("{9A19103F-16F7-4668-BE54-9A1E7A4F7556}") = "Sample.Common", "src\samples\Sample.Common\Sample.Common.csproj", "{7605C26F-C2EF-42A4-B896-33E0A325FC9B}"
EndProject
Project("{2150E333-8FDC-42A3-9474-1A3956D46DE8}") = "Libraries", "Libraries", "{C740E012-99A9-4F0E-A332-A63642B652B9}"
EndProject
Global
	GlobalSection(SolutionConfigurationPlatforms) = preSolution
		Debug|Any CPU = Debug|Any CPU
		Release|Any CPU = Release|Any CPU
	EndGlobalSection
	GlobalSection(ProjectConfigurationPlatforms) = postSolution
		{6627ACEC-8B1C-4701-ADF8-43FCEC9BB26F}.Debug|Any CPU.ActiveCfg = Debug|Any CPU
		{6627ACEC-8B1C-4701-ADF8-43FCEC9BB26F}.Debug|Any CPU.Build.0 = Debug|Any CPU
		{6627ACEC-8B1C-4701-ADF8-43FCEC9BB26F}.Release|Any CPU.ActiveCfg = Release|Any CPU
		{6627ACEC-8B1C-4701-ADF8-43FCEC9BB26F}.Release|Any CPU.Build.0 = Release|Any CPU
		{7E4CDFE4-E6B7-48A4-AB96-9A616099183B}.Debug|Any CPU.ActiveCfg = Debug|Any CPU
		{7E4CDFE4-E6B7-48A4-AB96-9A616099183B}.Debug|Any CPU.Build.0 = Debug|Any CPU
		{7E4CDFE4-E6B7-48A4-AB96-9A616099183B}.Release|Any CPU.ActiveCfg = Release|Any CPU
		{7E4CDFE4-E6B7-48A4-AB96-9A616099183B}.Release|Any CPU.Build.0 = Release|Any CPU
		{8480848C-A8DA-4865-9BBE-4AB7CFEC05BF}.Debug|Any CPU.ActiveCfg = Debug|Any CPU
		{8480848C-A8DA-4865-9BBE-4AB7CFEC05BF}.Debug|Any CPU.Build.0 = Debug|Any CPU
		{8480848C-A8DA-4865-9BBE-4AB7CFEC05BF}.Release|Any CPU.ActiveCfg = Release|Any CPU
		{8480848C-A8DA-4865-9BBE-4AB7CFEC05BF}.Release|Any CPU.Build.0 = Release|Any CPU
		{74C8AB21-80FA-4583-9FEB-D1D78916EA2B}.Debug|Any CPU.ActiveCfg = Debug|Any CPU
		{74C8AB21-80FA-4583-9FEB-D1D78916EA2B}.Debug|Any CPU.Build.0 = Debug|Any CPU
		{74C8AB21-80FA-4583-9FEB-D1D78916EA2B}.Release|Any CPU.ActiveCfg = Release|Any CPU
		{74C8AB21-80FA-4583-9FEB-D1D78916EA2B}.Release|Any CPU.Build.0 = Release|Any CPU
		{B670FED8-A94F-41A8-A4EA-987B20F3544A}.Debug|Any CPU.ActiveCfg = Debug|Any CPU
		{B670FED8-A94F-41A8-A4EA-987B20F3544A}.Debug|Any CPU.Build.0 = Debug|Any CPU
		{B670FED8-A94F-41A8-A4EA-987B20F3544A}.Release|Any CPU.ActiveCfg = Release|Any CPU
		{B670FED8-A94F-41A8-A4EA-987B20F3544A}.Release|Any CPU.Build.0 = Release|Any CPU
		{50B59E9E-805D-407F-B503-3F2F4DC7526A}.Debug|Any CPU.ActiveCfg = Debug|Any CPU
		{50B59E9E-805D-407F-B503-3F2F4DC7526A}.Debug|Any CPU.Build.0 = Debug|Any CPU
		{50B59E9E-805D-407F-B503-3F2F4DC7526A}.Release|Any CPU.ActiveCfg = Release|Any CPU
		{50B59E9E-805D-407F-B503-3F2F4DC7526A}.Release|Any CPU.Build.0 = Release|Any CPU
		{D747D1C5-A341-4AD4-9014-EEA4F7A8B3AF}.Debug|Any CPU.ActiveCfg = Debug|Any CPU
		{D747D1C5-A341-4AD4-9014-EEA4F7A8B3AF}.Debug|Any CPU.Build.0 = Debug|Any CPU
		{D747D1C5-A341-4AD4-9014-EEA4F7A8B3AF}.Release|Any CPU.ActiveCfg = Release|Any CPU
		{D747D1C5-A341-4AD4-9014-EEA4F7A8B3AF}.Release|Any CPU.Build.0 = Release|Any CPU
		{7605C26F-C2EF-42A4-B896-33E0A325FC9B}.Debug|Any CPU.ActiveCfg = Debug|Any CPU
		{7605C26F-C2EF-42A4-B896-33E0A325FC9B}.Debug|Any CPU.Build.0 = Debug|Any CPU
		{7605C26F-C2EF-42A4-B896-33E0A325FC9B}.Release|Any CPU.ActiveCfg = Release|Any CPU
		{7605C26F-C2EF-42A4-B896-33E0A325FC9B}.Release|Any CPU.Build.0 = Release|Any CPU
	EndGlobalSection
	GlobalSection(SolutionProperties) = preSolution
		HideSolutionNode = FALSE
	EndGlobalSection
	GlobalSection(NestedProjects) = preSolution
		{6627ACEC-8B1C-4701-ADF8-43FCEC9BB26F} = {E96C71FC-E200-4F1D-B819-62B497EEB29E}
		{7E4CDFE4-E6B7-48A4-AB96-9A616099183B} = {C740E012-99A9-4F0E-A332-A63642B652B9}
		{8480848C-A8DA-4865-9BBE-4AB7CFEC05BF} = {21095ECB-4624-46E9-93D3-C30A6B7CFA28}
		{74C8AB21-80FA-4583-9FEB-D1D78916EA2B} = {21095ECB-4624-46E9-93D3-C30A6B7CFA28}
		{B670FED8-A94F-41A8-A4EA-987B20F3544A} = {C740E012-99A9-4F0E-A332-A63642B652B9}
		{50B59E9E-805D-407F-B503-3F2F4DC7526A} = {C740E012-99A9-4F0E-A332-A63642B652B9}
		{D747D1C5-A341-4AD4-9014-EEA4F7A8B3AF} = {E96C71FC-E200-4F1D-B819-62B497EEB29E}
		{7605C26F-C2EF-42A4-B896-33E0A325FC9B} = {E96C71FC-E200-4F1D-B819-62B497EEB29E}
	EndGlobalSection
	GlobalSection(ExtensibilityGlobals) = postSolution
		SolutionGuid = {974D9704-042F-4753-B5A1-92245C18719D}
	EndGlobalSection
EndGlobal
